
Microsoft Visual Studio Solution File, Format Version 12.00
# Visual Studio Version 17
VisualStudioVersion = 17.5.002.0
MinimumVisualStudioVersion = 10.0.40219.1
Project("{9A19103F-16F7-4668-BE54-9A1E7A4F7556}") = "CS003", "CS003.csproj", "{41DEDD69-66F4-43CC-BF9D-4298F7458F40}"
EndProject
Global
	GlobalSection(SolutionConfigurationPlatforms) = preSolution
		Debug|Any CPU = Debug|Any CPU
		Release|Any CPU = Release|Any CPU
	EndGlobalSection
	GlobalSection(ProjectConfigurationPlatforms) = postSolution
		{41DEDD69-66F4-43CC-BF9D-4298F7458F40}.Debug|Any CPU.ActiveCfg = Debug|Any CPU
		{41DEDD69-66F4-43CC-BF9D-4298F7458F40}.Debug|Any CPU.Build.0 = Debug|Any CPU
		{41DEDD69-66F4-43CC-BF9D-4298F7458F40}.Release|Any CPU.ActiveCfg = Release|Any CPU
		{41DEDD69-66F4-43CC-BF9D-4298F7458F40}.Release|Any CPU.Build.0 = Release|Any CPU
	EndGlobalSection
	GlobalSection(SolutionProperties) = preSolution
		HideSolutionNode = FALSE
	EndGlobalSection
	GlobalSection(ExtensibilityGlobals) = postSolution
		SolutionGuid = {ADE56E06-9753-4B2A-9397-123548643B51}
	EndGlobalSection
EndGlobal
