
Microsoft Visual Studio Solution File, Format Version 12.00
# Visual Studio Version 17
VisualStudioVersion = 17.5.002.0
MinimumVisualStudioVersion = 10.0.40219.1
Project("{9A19103F-16F7-4668-BE54-9A1E7A4F7556}") = "CS004", "CS004.csproj", "{BAEC8BDA-9B86-4BAC-9E1C-167E24D79DC1}"
EndProject
Global
	GlobalSection(SolutionConfigurationPlatforms) = preSolution
		Debug|Any CPU = Debug|Any CPU
		Release|Any CPU = Release|Any CPU
	EndGlobalSection
	GlobalSection(ProjectConfigurationPlatforms) = postSolution
		{BAEC8BDA-9B86-4BAC-9E1C-167E24D79DC1}.Debug|Any CPU.ActiveCfg = Debug|Any CPU
		{BAEC8BDA-9B86-4BAC-9E1C-167E24D79DC1}.Debug|Any CPU.Build.0 = Debug|Any CPU
		{BAEC8BDA-9B86-4BAC-9E1C-167E24D79DC1}.Release|Any CPU.ActiveCfg = Release|Any CPU
		{BAEC8BDA-9B86-4BAC-9E1C-167E24D79DC1}.Release|Any CPU.Build.0 = Release|Any CPU
	EndGlobalSection
	GlobalSection(SolutionProperties) = preSolution
		HideSolutionNode = FALSE
	EndGlobalSection
	GlobalSection(ExtensibilityGlobals) = postSolution
		SolutionGuid = {774992AC-FF4B-4B23-9C47-EACF77CCF706}
	EndGlobalSection
EndGlobal
